{
  "name": "vylma",
  "version": "1.0.0",
  "lockfileVersion": 2,
  "requires": true,
  "packages": {
    "": {
      "name": "vylma",
      "version": "1.0.0",
      "license": "ISC",
      "dependencies": {
        "@fortawesome/fontawesome-free": "^5.15.4",
        "bulma": "^0.9.3",
        "bulma-modal-fx": "^1.1.1",
        "datatables-bulma": "^1.0.1",
        "datatables.net": "^1.11.4",
        "flatpickr": "^4.6.9",
        "jquery": "^3.6.0",
        "jquery-migrate": "^3.3.2",
        "promise-polyfill": "^8.2.1",
        "simptip": "^1.0.4",
        "sweetalert2": "^10.16.9",
        "what-input": "^5.2.10"
      }
    },
    "node_modules/@fortawesome/fontawesome-free": {
      "version": "5.15.4",
      "resolved": "https://registry.npmjs.org/@fortawesome/fontawesome-free/-/fontawesome-free-5.15.4.tgz",
      "integrity": "sha512-eYm8vijH/hpzr/6/1CJ/V/Eb1xQFW2nnUKArb3z+yUWv7HTwj6M7SP957oMjfZjAHU6qpoNc2wQvIxBLWYa/Jg==",
      "hasInstallScript": true,
      "engines": {
        "node": ">=6"
      }
    },
    "node_modules/bulma": {
      "version": "0.9.3",
      "resolved": "https://registry.npmjs.org/bulma/-/bulma-0.9.3.tgz",
      "integrity": "sha512-0d7GNW1PY4ud8TWxdNcP6Cc8Bu7MxcntD/RRLGWuiw/s0a9P+XlH/6QoOIrmbj6o8WWJzJYhytiu9nFjTszk1g=="
    },
    "node_modules/bulma-modal-fx": {
      "version": "1.1.1",
      "resolved": "https://registry.npmjs.org/bulma-modal-fx/-/bulma-modal-fx-1.1.1.tgz",
      "integrity": "sha512-Ma1e/uczogPd0MzpeOsYJau1ocavO2wlnGg1ZVg+/mrsKyeasrdtyfbOH1kRdzqCH9DMrZAw7WEW0Oa3lKr6Fw=="
    },
    "node_modules/datatables-bulma": {
      "version": "1.0.1",
      "resolved": "https://registry.npmjs.org/datatables-bulma/-/datatables-bulma-1.0.1.tgz",
      "integrity": "sha1-brB2M3zeA+7hq7LC6yyIUE6tWnE="
    },
    "node_modules/datatables.net": {
      "version": "1.11.4",
      "resolved": "https://registry.npmjs.org/datatables.net/-/datatables.net-1.11.4.tgz",
      "integrity": "sha512-z9LG4O0VYOYzp+rnArLExvnUWV8ikyWBcHYZEKDfVuz7BKxQdEq4a/tpO0Trbm+FL1+RY7UEIh+UcYNY/hwGxA==",
      "dependencies": {
        "jquery": ">=1.7"
      }
    },
    "node_modules/flatpickr": {
      "version": "4.6.9",
      "resolved": "https://registry.npmjs.org/flatpickr/-/flatpickr-4.6.9.tgz",
      "integrity": "sha512-F0azNNi8foVWKSF+8X+ZJzz8r9sE1G4hl06RyceIaLvyltKvDl6vqk9Lm/6AUUCi5HWaIjiUbk7UpeE/fOXOpw=="
    },
    "node_modules/jquery": {
      "version": "3.6.0",
      "resolved": "https://registry.npmjs.org/jquery/-/jquery-3.6.0.tgz",
      "integrity": "sha512-JVzAR/AjBvVt2BmYhxRCSYysDsPcssdmTFnzyLEts9qNwmjmu4JTAMYubEfwVOSwpQ1I1sKKFcxhZCI2buerfw=="
    },
    "node_modules/jquery-migrate": {
      "version": "3.3.2",
      "resolved": "https://registry.npmjs.org/jquery-migrate/-/jquery-migrate-3.3.2.tgz",
      "integrity": "sha512-L3gYhr7yEtLUSAeqXSicVa0vRD4aGwjw/bWY8YzrO2o/qDY1BaMyP3oB3bZf5Auy3Hu9ynliio0CTyDWCBPVDw==",
      "peerDependencies": {
        "jquery": ">=3 <4"
      }
    },
    "node_modules/promise-polyfill": {
      "version": "8.2.1",
      "resolved": "https://registry.npmjs.org/promise-polyfill/-/promise-polyfill-8.2.1.tgz",
      "integrity": "sha512-3p9zj0cEHbp7NVUxEYUWjQlffXqnXaZIMPkAO7HhFh8u5636xLRDHOUo2vpWSK0T2mqm6fKLXYn1KP6PAZ2gKg=="
    },
    "node_modules/simptip": {
      "version": "1.0.4",
      "resolved": "https://registry.npmjs.org/simptip/-/simptip-1.0.4.tgz",
      "integrity": "sha512-2aaLhDADImy74QUXm9E6Ys0Z6ncCktBjRed1G7J56QVA588k6hvBJ51jWghPebzln0WR0UmzD7hAovuhhSXoWA=="
    },
    "node_modules/sweetalert2": {
      "version": "10.16.9",
      "resolved": "https://registry.npmjs.org/sweetalert2/-/sweetalert2-10.16.9.tgz",
      "integrity": "sha512-oNe+md5tmmS3fGfVHa7gVPlun7Td2oANSacnZCeghnrr3OHBi6UPVPU+GFrymwaDqwQspACilLRmRnM7aTjNPA==",
      "funding": {
        "url": "https://sweetalert2.github.io/#donations"
      }
    },
    "node_modules/what-input": {
      "version": "5.2.10",
      "resolved": "https://registry.npmjs.org/what-input/-/what-input-5.2.10.tgz",
      "integrity": "sha512-7AQoIMGq7uU8esmKniOtZG3A+pzlwgeyFpkS3f/yzRbxknSL68tvn5gjE6bZ4OMFxCPjpaBd2udUTqlZ0HwrXQ=="
    }
  },
  "dependencies": {
    "@fortawesome/fontawesome-free": {
      "version": "5.15.4",
      "resolved": "https://registry.npmjs.org/@fortawesome/fontawesome-free/-/fontawesome-free-5.15.4.tgz",
      "integrity": "sha512-eYm8vijH/hpzr/6/1CJ/V/Eb1xQFW2nnUKArb3z+yUWv7HTwj6M7SP957oMjfZjAHU6qpoNc2wQvIxBLWYa/Jg=="
    },
    "bulma": {
      "version": "0.9.3",
      "resolved": "https://registry.npmjs.org/bulma/-/bulma-0.9.3.tgz",
      "integrity": "sha512-0d7GNW1PY4ud8TWxdNcP6Cc8Bu7MxcntD/RRLGWuiw/s0a9P+XlH/6QoOIrmbj6o8WWJzJYhytiu9nFjTszk1g=="
    },
    "bulma-modal-fx": {
      "version": "1.1.1",
      "resolved": "https://registry.npmjs.org/bulma-modal-fx/-/bulma-modal-fx-1.1.1.tgz",
      "integrity": "sha512-Ma1e/uczogPd0MzpeOsYJau1ocavO2wlnGg1ZVg+/mrsKyeasrdtyfbOH1kRdzqCH9DMrZAw7WEW0Oa3lKr6Fw=="
    },
    "datatables-bulma": {
      "version": "1.0.1",
      "resolved": "https://registry.npmjs.org/datatables-bulma/-/datatables-bulma-1.0.1.tgz",
      "integrity": "sha1-brB2M3zeA+7hq7LC6yyIUE6tWnE="
    },
    "datatables.net": {
      "version": "1.11.4",
      "resolved": "https://registry.npmjs.org/datatables.net/-/datatables.net-1.11.4.tgz",
      "integrity": "sha512-z9LG4O0VYOYzp+rnArLExvnUWV8ikyWBcHYZEKDfVuz7BKxQdEq4a/tpO0Trbm+FL1+RY7UEIh+UcYNY/hwGxA==",
      "requires": {
        "jquery": ">=1.7"
      }
    },
    "flatpickr": {
      "version": "4.6.9",
      "resolved": "https://registry.npmjs.org/flatpickr/-/flatpickr-4.6.9.tgz",
      "integrity": "sha512-F0azNNi8foVWKSF+8X+ZJzz8r9sE1G4hl06RyceIaLvyltKvDl6vqk9Lm/6AUUCi5HWaIjiUbk7UpeE/fOXOpw=="
    },
    "jquery": {
      "version": "3.6.0",
      "resolved": "https://registry.npmjs.org/jquery/-/jquery-3.6.0.tgz",
      "integrity": "sha512-JVzAR/AjBvVt2BmYhxRCSYysDsPcssdmTFnzyLEts9qNwmjmu4JTAMYubEfwVOSwpQ1I1sKKFcxhZCI2buerfw=="
    },
    "jquery-migrate": {
      "version": "3.3.2",
      "resolved": "https://registry.npmjs.org/jquery-migrate/-/jquery-migrate-3.3.2.tgz",
      "integrity": "sha512-L3gYhr7yEtLUSAeqXSicVa0vRD4aGwjw/bWY8YzrO2o/qDY1BaMyP3oB3bZf5Auy3Hu9ynliio0CTyDWCBPVDw==",
      "requires": {}
    },
    "promise-polyfill": {
      "version": "8.2.1",
      "resolved": "https://registry.npmjs.org/promise-polyfill/-/promise-polyfill-8.2.1.tgz",
      "integrity": "sha512-3p9zj0cEHbp7NVUxEYUWjQlffXqnXaZIMPkAO7HhFh8u5636xLRDHOUo2vpWSK0T2mqm6fKLXYn1KP6PAZ2gKg=="
    },
    "simptip": {
      "version": "1.0.4",
      "resolved": "https://registry.npmjs.org/simptip/-/simptip-1.0.4.tgz",
      "integrity": "sha512-2aaLhDADImy74QUXm9E6Ys0Z6ncCktBjRed1G7J56QVA588k6hvBJ51jWghPebzln0WR0UmzD7hAovuhhSXoWA=="
    },
    "sweetalert2": {
      "version": "10.16.9",
      "resolved": "https://registry.npmjs.org/sweetalert2/-/sweetalert2-10.16.9.tgz",
      "integrity": "sha512-oNe+md5tmmS3fGfVHa7gVPlun7Td2oANSacnZCeghnrr3OHBi6UPVPU+GFrymwaDqwQspACilLRmRnM7aTjNPA=="
    },
    "what-input": {
      "version": "5.2.10",
      "resolved": "https://registry.npmjs.org/what-input/-/what-input-5.2.10.tgz",
      "integrity": "sha512-7AQoIMGq7uU8esmKniOtZG3A+pzlwgeyFpkS3f/yzRbxknSL68tvn5gjE6bZ4OMFxCPjpaBd2udUTqlZ0HwrXQ=="
    }
  }
}
